// !$*UTF8*$!
{
	archiveVersion = 1;
	classes = {
	};
	objectVersion = 46;
	objects = {

/* Begin PBXBuildFile section */
		1E0932431E8D649800CD0F9A /* shine3.mp3 in Resources */ = {isa = PBXBuildFile; fileRef = 1E0932421E8D649800CD0F9A /* shine3.mp3 */; };
		1E0932471E8D65E600CD0F9A /* mons1.png in Resources */ = {isa = PBXBuildFile; fileRef = 1E0932441E8D65E600CD0F9A /* mons1.png */; };
		1E0932481E8D65E600CD0F9A /* mons2.png in Resources */ = {isa = PBXBuildFile; fileRef = 1E0932451E8D65E600CD0F9A /* mons2.png */; };
		1E0932491E8D65E600CD0F9A /* mons3.png in Resources */ = {isa = PBXBuildFile; fileRef = 1E0932461E8D65E600CD0F9A /* mons3.png */; };
		1E3351CF1E8BFB7600418C13 /* AppDelegate.swift in Sources */ = {isa = PBXBuildFile; fileRef = 1E3351CE1E8BFB7600418C13 /* AppDelegate.swift */; };
		1E3351D11E8BFB7600418C13 /* ViewController.swift in Sources */ = {isa = PBXBuildFile; fileRef = 1E3351D01E8BFB7600418C13 /* ViewController.swift */; };
		1E3351D41E8BFB7600418C13 /* Main.storyboard in Resources */ = {isa = PBXBuildFile; fileRef = 1E3351D21E8BFB7600418C13 /* Main.storyboard */; };
		1E3351D61E8BFB7600418C13 /* Assets.xcassets in Resources */ = {isa = PBXBuildFile; fileRef = 1E3351D51E8BFB7600418C13 /* Assets.xcassets */; };
		1E3351D91E8BFB7600418C13 /* LaunchScreen.storyboard in Resources */ = {isa = PBXBuildFile; fileRef = 1E3351D71E8BFB7600418C13 /* LaunchScreen.storyboard */; };
		1E3351F51E8BFBAF00418C13 /* bg_blue@2x.png in Resources */ = {isa = PBXBuildFile; fileRef = 1E3351E21E8BFBAF00418C13 /* bg_blue@2x.png */; };
		1E3351F61E8BFBAF00418C13 /* bg_gold@2x.png in Resources */ = {isa = PBXBuildFile; fileRef = 1E3351E31E8BFBAF00418C13 /* bg_gold@2x.png */; };
		1E3351F71E8BFBAF00418C13 /* bg_red@2x.png in Resources */ = {isa = PBXBuildFile; fileRef = 1E3351E41E8BFBAF00418C13 /* bg_red@2x.png */; };
		1E3351F81E8BFBAF00418C13 /* gacha@2x.png in Resources */ = {isa = PBXBuildFile; fileRef = 1E3351E51E8BFBAF00418C13 /* gacha@2x.png */; };
		1E3351F91E8BFBAF00418C13 /* Default-568h@2x.png in Resources */ = {isa = PBXBuildFile; fileRef = 1E3351E71E8BFBAF00418C13 /* Default-568h@2x.png */; };
		1E3351FA1E8BFBAF00418C13 /* Default-667h@2x.png in Resources */ = {isa = PBXBuildFile; fileRef = 1E3351E81E8BFBAF00418C13 /* Default-667h@2x.png */; };
		1E3351FB1E8BFBAF00418C13 /* Default-736h@3x.png in Resources */ = {isa = PBXBuildFile; fileRef = 1E3351E91E8BFBAF00418C13 /* Default-736h@3x.png */; };
		1E3351FC1E8BFBAF00418C13 /* monster001.png in Resources */ = {isa = PBXBuildFile; fileRef = 1E3351EB1E8BFBAF00418C13 /* monster001.png */; };
		1E3351FD1E8BFBAF00418C13 /* monster002.png in Resources */ = {isa = PBXBuildFile; fileRef = 1E3351EC1E8BFBAF00418C13 /* monster002.png */; };
		1E3351FE1E8BFBAF00418C13 /* monster003.png in Resources */ = {isa = PBXBuildFile; fileRef = 1E3351ED1E8BFBAF00418C13 /* monster003.png */; };
		1E3351FF1E8BFBAF00418C13 /* monster004.png in Resources */ = {isa = PBXBuildFile; fileRef = 1E3351EE1E8BFBAF00418C13 /* monster004.png */; };
		1E3352001E8BFBAF00418C13 /* monster005.png in Resources */ = {isa = PBXBuildFile; fileRef = 1E3351EF1E8BFBAF00418C13 /* monster005.png */; };
		1E3352011E8BFBAF00418C13 /* monster006.png in Resources */ = {isa = PBXBuildFile; fileRef = 1E3351F01E8BFBAF00418C13 /* monster006.png */; };
		1E3352021E8BFBAF00418C13 /* monster007.png in Resources */ = {isa = PBXBuildFile; fileRef = 1E3351F11E8BFBAF00418C13 /* monster007.png */; };
		1E3352031E8BFBAF00418C13 /* monster008.png in Resources */ = {isa = PBXBuildFile; fileRef = 1E3351F21E8BFBAF00418C13 /* monster008.png */; };
		1E3352041E8BFBAF00418C13 /* monster009.png in Resources */ = {isa = PBXBuildFile; fileRef = 1E3351F31E8BFBAF00418C13 /* monster009.png */; };
		1E3352051E8BFBAF00418C13 /* monster010.png in Resources */ = {isa = PBXBuildFile; fileRef = 1E3351F41E8BFBAF00418C13 /* monster010.png */; };
		1E3352091E8BFF1400418C13 /* ResultViewController.swift in Sources */ = {isa = PBXBuildFile; fileRef = 1E3352081E8BFF1400418C13 /* ResultViewController.swift */; };
		1E77A52B1EA1FFF4005E8D30 /* dokkan0051.jpg in Resources */ = {isa = PBXBuildFile; fileRef = 1E77A52A1EA1FFF4005E8D30 /* dokkan0051.jpg */; };
		1E77A52D1EA20AA0005E8D30 /* l_039.jpg in Resources */ = {isa = PBXBuildFile; fileRef = 1E77A52C1EA20AA0005E8D30 /* l_039.jpg */; };
/* End PBXBuildFile section */

/* Begin PBXFileReference section */
		1E0932421E8D649800CD0F9A /* shine3.mp3 */ = {isa = PBXFileReference; lastKnownFileType = audio.mp3; path = shine3.mp3; sourceTree = "<group>"; };
		1E0932441E8D65E600CD0F9A /* mons1.png */ = {isa = PBXFileReference; lastKnownFileType = image.png; path = mons1.png; sourceTree = "<group>"; };
		1E0932451E8D65E600CD0F9A /* mons2.png */ = {isa = PBXFileReference; lastKnownFileType = image.png; path = mons2.png; sourceTree = "<group>"; };
		1E0932461E8D65E600CD0F9A /* mons3.png */ = {isa = PBXFileReference; lastKnownFileType = image.png; path = mons3.png; sourceTree = "<group>"; };
		1E3351CB1E8BFB7600418C13 /* GachaTechh.app */ = {isa = PBXFileReference; explicitFileType = wrapper.application; includeInIndex = 0; path = GachaTechh.app; sourceTree = BUILT_PRODUCTS_DIR; };
		1E3351CE1E8BFB7600418C13 /* AppDelegate.swift */ = {isa = PBXFileReference; lastKnownFileType = sourcecode.swift; path = AppDelegate.swift; sourceTree = "<group>"; };
		1E3351D01E8BFB7600418C13 /* ViewController.swift */ = {isa = PBXFileReference; lastKnownFileType = sourcecode.swift; path = ViewController.swift; sourceTree = "<group>"; };
		1E3351D31E8BFB7600418C13 /* Base */ = {isa = PBXFileReference; lastKnownFileType = file.storyboard; name = Base; path = Base.lproj/Main.storyboard; sourceTree = "<group>"; };
		1E3351D51E8BFB7600418C13 /* Assets.xcassets */ = {isa = PBXFileReference; lastKnownFileType = folder.assetcatalog; path = Assets.xcassets; sourceTree = "<group>"; };
		1E3351D81E8BFB7600418C13 /* Base */ = {isa = PBXFileReference; lastKnownFileType = file.storyboard; name = Base; path = Base.lproj/LaunchScreen.storyboard; sourceTree = "<group>"; };
		1E3351DA1E8BFB7600418C13 /* Info.plist */ = {isa = PBXFileReference; lastKnownFileType = text.plist.xml; path = Info.plist; sourceTree = "<group>"; };
		1E3351E21E8BFBAF00418C13 /* bg_blue@2x.png */ = {isa = PBXFileReference; lastKnownFileType = image.png; path = "bg_blue@2x.png"; sourceTree = "<group>"; };
		1E3351E31E8BFBAF00418C13 /* bg_gold@2x.png */ = {isa = PBXFileReference; lastKnownFileType = image.png; path = "bg_gold@2x.png"; sourceTree = "<group>"; };
		1E3351E41E8BFBAF00418C13 /* bg_red@2x.png */ = {isa = PBXFileReference; lastKnownFileType = image.png; path = "bg_red@2x.png"; sourceTree = "<group>"; };
		1E3351E51E8BFBAF00418C13 /* gacha@2x.png */ = {isa = PBXFileReference; lastKnownFileType = image.png; path = "gacha@2x.png"; sourceTree = "<group>"; };
		1E3351E71E8BFBAF00418C13 /* Default-568h@2x.png */ = {isa = PBXFileReference; lastKnownFileType = image.png; path = "Default-568h@2x.png"; sourceTree = "<group>"; };
		1E3351E81E8BFBAF00418C13 /* Default-667h@2x.png */ = {isa = PBXFileReference; lastKnownFileType = image.png; path = "Default-667h@2x.png"; sourceTree = "<group>"; };
		1E3351E91E8BFBAF00418C13 /* Default-736h@3x.png */ = {isa = PBXFileReference; lastKnownFileType = image.png; path = "Default-736h@3x.png"; sourceTree = "<group>"; };
		1E3351EB1E8BFBAF00418C13 /* monster001.png */ = {isa = PBXFileReference; lastKnownFileType = image.png; path = monster001.png; sourceTree = "<group>"; };
		1E3351EC1E8BFBAF00418C13 /* monster002.png */ = {isa = PBXFileReference; lastKnownFileType = image.png; path = monster002.png; sourceTree = "<group>"; };
		1E3351ED1E8BFBAF00418C13 /* monster003.png */ = {isa = PBXFileReference; lastKnownFileType = image.png; path = monster003.png; sourceTree = "<group>"; };
		1E3351EE1E8BFBAF00418C13 /* monster004.png */ = {isa = PBXFileReference; lastKnownFileType = image.png; path = monster004.png; sourceTree = "<group>"; };
		1E3351EF1E8BFBAF00418C13 /* monster005.png */ = {isa = PBXFileReference; lastKnownFileType = image.png; path = monster005.png; sourceTree = "<group>"; };
		1E3351F01E8BFBAF00418C13 /* monster006.png */ = {isa = PBXFileReference; lastKnownFileType = image.png; path = monster006.png; sourceTree = "<group>"; };
		1E3351F11E8BFBAF00418C13 /* monster007.png */ = {isa = PBXFileReference; lastKnownFileType = image.png; path = monster007.png; sourceTree = "<group>"; };
		1E3351F21E8BFBAF00418C13 /* monster008.png */ = {isa = PBXFileReference; lastKnownFileType = image.png; path = monster008.png; sourceTree = "<group>"; };
		1E3351F31E8BFBAF00418C13 /* monster009.png */ = {isa = PBXFileReference; lastKnownFileType = image.png; path = monster009.png; sourceTree = "<group>"; };
		1E3351F41E8BFBAF00418C13 /* monster010.png */ = {isa = PBXFileReference; lastKnownFileType = image.png; path = monster010.png; sourceTree = "<group>"; };
		1E3352081E8BFF1400418C13 /* ResultViewController.swift */ = {isa = PBXFileReference; fileEncoding = 4; lastKnownFileType = sourcecode.swift; path = ResultViewController.swift; sourceTree = "<group>"; };
		1E77A52A1EA1FFF4005E8D30 /* dokkan0051.jpg */ = {isa = PBXFileReference; lastKnownFileType = image.jpeg; path = dokkan0051.jpg; sourceTree = "<group>"; };
		1E77A52C1EA20AA0005E8D30 /* l_039.jpg */ = {isa = PBXFileReference; lastKnownFileType = image.jpeg; path = l_039.jpg; sourceTree = "<group>"; };
/* End PBXFileReference section */

/* Begin PBXFrameworksBuildPhase section */
		1E3351C81E8BFB7600418C13 /* Frameworks */ = {
			isa = PBXFrameworksBuildPhase;
			buildActionMask = 2147483647;
			files = (
			);
			runOnlyForDeploymentPostprocessing = 0;
		};
/* End PBXFrameworksBuildPhase section */

/* Begin PBXGroup section */
		1E3351C21E8BFB7600418C13 = {
			isa = PBXGroup;
			children = (
				1E3351CD1E8BFB7600418C13 /* GachaTechh */,
				1E3351CC1E8BFB7600418C13 /* Products */,
			);
			sourceTree = "<group>";
		};
		1E3351CC1E8BFB7600418C13 /* Products */ = {
			isa = PBXGroup;
			children = (
				1E3351CB1E8BFB7600418C13 /* GachaTechh.app */,
			);
			name = Products;
			sourceTree = "<group>";
		};
		1E3351CD1E8BFB7600418C13 /* GachaTechh */ = {
			isa = PBXGroup;
			children = (
				1E3351E01E8BFBAF00418C13 /* GachaResources */,
				1E3351CE1E8BFB7600418C13 /* AppDelegate.swift */,
				1E3351D01E8BFB7600418C13 /* ViewController.swift */,
				1E3352081E8BFF1400418C13 /* ResultViewController.swift */,
				1E3351D21E8BFB7600418C13 /* Main.storyboard */,
				1E3351D51E8BFB7600418C13 /* Assets.xcassets */,
				1E3351D71E8BFB7600418C13 /* LaunchScreen.storyboard */,
				1E3351DA1E8BFB7600418C13 /* Info.plist */,
			);
			path = GachaTechh;
			sourceTree = "<group>";
		};
		1E3351E01E8BFBAF00418C13 /* GachaResources */ = {
			isa = PBXGroup;
			children = (
				1E3351E11E8BFBAF00418C13 /* background */,
				1E3351E61E8BFBAF00418C13 /* Defaults */,
				1E3351EA1E8BFBAF00418C13 /* monster */,
			);
			path = GachaResources;
			sourceTree = "<group>";
		};
		1E3351E11E8BFBAF00418C13 /* background */ = {
			isa = PBXGroup;
			children = (
				1E3351E21E8BFBAF00418C13 /* bg_blue@2x.png */,
				1E3351E31E8BFBAF00418C13 /* bg_gold@2x.png */,
				1E3351E41E8BFBAF00418C13 /* bg_red@2x.png */,
				1E77A52C1EA20AA0005E8D30 /* l_039.jpg */,
				1E3351E51E8BFBAF00418C13 /* gacha@2x.png */,
			);
			path = background;
			sourceTree = "<group>";
		};
		1E3351E61E8BFBAF00418C13 /* Defaults */ = {
			isa = PBXGroup;
			children = (
				1E0932421E8D649800CD0F9A /* shine3.mp3 */,
				1E3351E71E8BFBAF00418C13 /* Default-568h@2x.png */,
				1E3351E81E8BFBAF00418C13 /* Default-667h@2x.png */,
				1E3351E91E8BFBAF00418C13 /* Default-736h@3x.png */,
			);
			path = Defaults;
			sourceTree = "<group>";
		};
		1E3351EA1E8BFBAF00418C13 /* monster */ = {
			isa = PBXGroup;
			children = (
				1E77A52A1EA1FFF4005E8D30 /* dokkan0051.jpg */,
				1E3351EB1E8BFBAF00418C13 /* monster001.png */,
				1E0932441E8D65E600CD0F9A /* mons1.png */,
				1E0932451E8D65E600CD0F9A /* mons2.png */,
				1E0932461E8D65E600CD0F9A /* mons3.png */,
				1E3351EC1E8BFBAF00418C13 /* monster002.png */,
				1E3351ED1E8BFBAF00418C13 /* monster003.png */,
				1E3351EE1E8BFBAF00418C13 /* monster004.png */,
				1E3351EF1E8BFBAF00418C13 /* monster005.png */,
				1E3351F01E8BFBAF00418C13 /* monster006.png */,
				1E3351F11E8BFBAF00418C13 /* monster007.png */,
				1E3351F21E8BFBAF00418C13 /* monster008.png */,
				1E3351F31E8BFBAF00418C13 /* monster009.png */,
				1E3351F41E8BFBAF00418C13 /* monster010.png */,
			);
			path = monster;
			sourceTree = "<group>";
		};
/* End PBXGroup section */

/* Begin PBXNativeTarget section */
		1E3351CA1E8BFB7600418C13 /* GachaTechh */ = {
			isa = PBXNativeTarget;
			buildConfigurationList = 1E3351DD1E8BFB7600418C13 /* Build configuration list for PBXNativeTarget "GachaTechh" */;
			buildPhases = (
				1E3351C71E8BFB7600418C13 /* Sources */,
				1E3351C81E8BFB7600418C13 /* Frameworks */,
				1E3351C91E8BFB7600418C13 /* Resources */,
			);
			buildRules = (
			);
			dependencies = (
			);
			name = GachaTechh;
			productName = GachaTechh;
			productReference = 1E3351CB1E8BFB7600418C13 /* GachaTechh.app */;
			productType = "com.apple.product-type.application";
		};
/* End PBXNativeTarget section */

/* Begin PBXProject section */
		1E3351C31E8BFB7600418C13 /* Project object */ = {
			isa = PBXProject;
			attributes = {
				LastSwiftUpdateCheck = 0820;
				LastUpgradeCheck = 0820;
				ORGANIZATIONNAME = "後藤奈々美";
				TargetAttributes = {
					1E3351CA1E8BFB7600418C13 = {
						CreatedOnToolsVersion = 8.2.1;
						ProvisioningStyle = Automatic;
					};
				};
			};
			buildConfigurationList = 1E3351C61E8BFB7600418C13 /* Build configuration list for PBXProject "GachaTechh" */;
			compatibilityVersion = "Xcode 3.2";
			developmentRegion = English;
			hasScannedForEncodings = 0;
			knownRegions = (
				en,
				Base,
			);
			mainGroup = 1E3351C21E8BFB7600418C13;
			productRefGroup = 1E3351CC1E8BFB7600418C13 /* Products */;
			projectDirPath = "";
			projectRoot = "";
			targets = (
				1E3351CA1E8BFB7600418C13 /* GachaTechh */,
			);
		};
/* End PBXProject section */

/* Begin PBXResourcesBuildPhase section */
		1E3351C91E8BFB7600418C13 /* Resources */ = {
			isa = PBXResourcesBuildPhase;
			buildActionMask = 2147483647;
			files = (
				1E3351D91E8BFB7600418C13 /* LaunchScreen.storyboard in Resources */,
				1E3351F61E8BFBAF00418C13 /* bg_gold@2x.png in Resources */,
				1E3351D61E8BFB7600418C13 /* Assets.xcassets in Resources */,
				1E3352031E8BFBAF00418C13 /* monster008.png in Resources */,
				1E3352021E8BFBAF00418C13 /* monster007.png in Resources */,
				1E3351FE1E8BFBAF00418C13 /* monster003.png in Resources */,
				1E0932481E8D65E600CD0F9A /* mons2.png in Resources */,
				1E3351FD1E8BFBAF00418C13 /* monster002.png in Resources */,
				1E3351D41E8BFB7600418C13 /* Main.storyboard in Resources */,
				1E3351FA1E8BFBAF00418C13 /* Default-667h@2x.png in Resources */,
				1E3351FC1E8BFBAF00418C13 /* monster001.png in Resources */,
				1E3351F51E8BFBAF00418C13 /* bg_blue@2x.png in Resources */,
				1E3352001E8BFBAF00418C13 /* monster005.png in Resources */,
				1E3351F91E8BFBAF00418C13 /* Default-568h@2x.png in Resources */,
				1E3351FB1E8BFBAF00418C13 /* Default-736h@3x.png in Resources */,
				1E77A52B1EA1FFF4005E8D30 /* dokkan0051.jpg in Resources */,
				1E3352051E8BFBAF00418C13 /* monster010.png in Resources */,
				1E0932431E8D649800CD0F9A /* shine3.mp3 in Resources */,
				1E3351F71E8BFBAF00418C13 /* bg_red@2x.png in Resources */,
				1E3351F81E8BFBAF00418C13 /* gacha@2x.png in Resources */,
				1E3351FF1E8BFBAF00418C13 /* monster004.png in Resources */,
				1E0932491E8D65E600CD0F9A /* mons3.png in Resources */,
				1E3352041E8BFBAF00418C13 /* monster009.png in Resources */,
				1E77A52D1EA20AA0005E8D30 /* l_039.jpg in Resources */,
				1E0932471E8D65E600CD0F9A /* mons1.png in Resources */,
				1E3352011E8BFBAF00418C13 /* monster006.png in Resources */,
			);
			runOnlyForDeploymentPostprocessing = 0;
		};
/* End PBXResourcesBuildPhase section */

/* Begin PBXSourcesBuildPhase section */
		1E3351C71E8BFB7600418C13 /* Sources */ = {
			isa = PBXSourcesBuildPhase;
			buildActionMask = 2147483647;
			files = (
				1E3351D11E8BFB7600418C13 /* ViewController.swift in Sources */,
				1E3351CF1E8BFB7600418C13 /* AppDelegate.swift in Sources */,
				1E3352091E8BFF1400418C13 /* ResultViewController.swift in Sources */,
			);
			runOnlyForDeploymentPostprocessing = 0;
		};
/* End PBXSourcesBuildPhase section */

/* Begin PBXVariantGroup section */
		1E3351D21E8BFB7600418C13 /* Main.storyboard */ = {
			isa = PBXVariantGroup;
			children = (
				1E3351D31E8BFB7600418C13 /* Base */,
			);
			name = Main.storyboard;
			sourceTree = "<group>";
		};
		1E3351D71E8BFB7600418C13 /* LaunchScreen.storyboard */ = {
			isa = PBXVariantGroup;
			children = (
				1E3351D81E8BFB7600418C13 /* Base */,
			);
			name = LaunchScreen.storyboard;
			sourceTree = "<group>";
		};
/* End PBXVariantGroup section */

/* Begin XCBuildConfiguration section */
		1E3351DB1E8BFB7600418C13 /* Debug */ = {
			isa = XCBuildConfiguration;
			buildSettings = {
				ALWAYS_SEARCH_USER_PATHS = NO;
				CLANG_ANALYZER_NONNULL = YES;
				CLANG_CXX_LANGUAGE_STANDARD = "gnu++0x";
				CLANG_CXX_LIBRARY = "libc++";
				CLANG_ENABLE_MODULES = YES;
				CLANG_ENABLE_OBJC_ARC = YES;
				CLANG_WARN_BOOL_CONVERSION = YES;
				CLANG_WARN_CONSTANT_CONVERSION = YES;
				CLANG_WARN_DIRECT_OBJC_ISA_USAGE = YES_ERROR;
				CLANG_WARN_DOCUMENTATION_COMMENTS = YES;
				CLANG_WARN_EMPTY_BODY = YES;
				CLANG_WARN_ENUM_CONVERSION = YES;
				CLANG_WARN_INFINITE_RECURSION = YES;
				CLANG_WARN_INT_CONVERSION = YES;
				CLANG_WARN_OBJC_ROOT_CLASS = YES_ERROR;
				CLANG_WARN_SUSPICIOUS_MOVE = YES;
				CLANG_WARN_UNREACHABLE_CODE = YES;
				CLANG_WARN__DUPLICATE_METHOD_MATCH = YES;
				"CODE_SIGN_IDENTITY[sdk=iphoneos*]" = "iPhone Developer";
				COPY_PHASE_STRIP = NO;
				DEBUG_INFORMATION_FORMAT = dwarf;
				ENABLE_STRICT_OBJC_MSGSEND = YES;
				ENABLE_TESTABILITY = YES;
				GCC_C_LANGUAGE_STANDARD = gnu99;
				GCC_DYNAMIC_NO_PIC = NO;
				GCC_NO_COMMON_BLOCKS = YES;
				GCC_OPTIMIZATION_LEVEL = 0;
				GCC_PREPROCESSOR_DEFINITIONS = (
					"DEBUG=1",
					"$(inherited)",
				);
				GCC_WARN_64_TO_32_BIT_CONVERSION = YES;
				GCC_WARN_ABOUT_RETURN_TYPE = YES_ERROR;
				GCC_WARN_UNDECLARED_SELECTOR = YES;
				GCC_WARN_UNINITIALIZED_AUTOS = YES_AGGRESSIVE;
				GCC_WARN_UNUSED_FUNCTION = YES;
				GCC_WARN_UNUSED_VARIABLE = YES;
				IPHONEOS_DEPLOYMENT_TARGET = 10.2;
				MTL_ENABLE_DEBUG_INFO = YES;
				ONLY_ACTIVE_ARCH = YES;
				SDKROOT = iphoneos;
				SWIFT_ACTIVE_COMPILATION_CONDITIONS = DEBUG;
				SWIFT_OPTIMIZATION_LEVEL = "-Onone";
			};
			name = Debug;
		};
		1E3351DC1E8BFB7600418C13 /* Release */ = {
			isa = XCBuildConfiguration;
			buildSettings = {
				ALWAYS_SEARCH_USER_PATHS = NO;
				CLANG_ANALYZER_NONNULL = YES;
				CLANG_CXX_LANGUAGE_STANDARD = "gnu++0x";
				CLANG_CXX_LIBRARY = "libc++";
				CLANG_ENABLE_MODULES = YES;
				CLANG_ENABLE_OBJC_ARC = YES;
				CLANG_WARN_BOOL_CONVERSION = YES;
				CLANG_WARN_CONSTANT_CONVERSION = YES;
				CLANG_WARN_DIRECT_OBJC_ISA_USAGE = YES_ERROR;
				CLANG_WARN_DOCUMENTATION_COMMENTS = YES;
				CLANG_WARN_EMPTY_BODY = YES;
				CLANG_WARN_ENUM_CONVERSION = YES;
				CLANG_WARN_INFINITE_RECURSION = YES;
				CLANG_WARN_INT_CONVERSION = YES;
				CLANG_WARN_OBJC_ROOT_CLASS = YES_ERROR;
				CLANG_WARN_SUSPICIOUS_MOVE = YES;
				CLANG_WARN_UNREACHABLE_CODE = YES;
				CLANG_WARN__DUPLICATE_METHOD_MATCH = YES;
				"CODE_SIGN_IDENTITY[sdk=iphoneos*]" = "iPhone Developer";
				COPY_PHASE_STRIP = NO;
				DEBUG_INFORMATION_FORMAT = "dwarf-with-dsym";
				ENABLE_NS_ASSERTIONS = NO;
				ENABLE_STRICT_OBJC_MSGSEND = YES;
				GCC_C_LANGUAGE_STANDARD = gnu99;
				GCC_NO_COMMON_BLOCKS = YES;
				GCC_WARN_64_TO_32_BIT_CONVERSION = YES;
				GCC_WARN_ABOUT_RETURN_TYPE = YES_ERROR;
				GCC_WARN_UNDECLARED_SELECTOR = YES;
				GCC_WARN_UNINITIALIZED_AUTOS = YES_AGGRESSIVE;
				GCC_WARN_UNUSED_FUNCTION = YES;
				GCC_WARN_UNUSED_VARIABLE = YES;
				IPHONEOS_DEPLOYMENT_TARGET = 10.2;
				MTL_ENABLE_DEBUG_INFO = NO;
				SDKROOT = iphoneos;
				SWIFT_OPTIMIZATION_LEVEL = "-Owholemodule";
				VALIDATE_PRODUCT = YES;
			};
			name = Release;
		};
		1E3351DE1E8BFB7600418C13 /* Debug */ = {
			isa = XCBuildConfiguration;
			buildSettings = {
				ASSETCATALOG_COMPILER_APPICON_NAME = AppIcon;
				INFOPLIST_FILE = GachaTechh/Info.plist;
				LD_RUNPATH_SEARCH_PATHS = "$(inherited) @executable_path/Frameworks";
				PRODUCT_BUNDLE_IDENTIFIER = Com.litech.GachaTechh;
				PRODUCT_NAME = "$(TARGET_NAME)";
				SWIFT_VERSION = 3.0;
			};
			name = Debug;
		};
		1E3351DF1E8BFB7600418C13 /* Release */ = {
			isa = XCBuildConfiguration;
			buildSettings = {
				ASSETCATALOG_COMPILER_APPICON_NAME = AppIcon;
				INFOPLIST_FILE = GachaTechh/Info.plist;
				LD_RUNPATH_SEARCH_PATHS = "$(inherited) @executable_path/Frameworks";
				PRODUCT_BUNDLE_IDENTIFIER = Com.litech.GachaTechh;
				PRODUCT_NAME = "$(TARGET_NAME)";
				SWIFT_VERSION = 3.0;
			};
			name = Release;
		};
/* End XCBuildConfiguration section */

/* Begin XCConfigurationList section */
		1E3351C61E8BFB7600418C13 /* Build configuration list for PBXProject "GachaTechh" */ = {
			isa = XCConfigurationList;
			buildConfigurations = (
				1E3351DB1E8BFB7600418C13 /* Debug */,
				1E3351DC1E8BFB7600418C13 /* Release */,
			);
			defaultConfigurationIsVisible = 0;
			defaultConfigurationName = Release;
		};
		1E3351DD1E8BFB7600418C13 /* Build configuration list for PBXNativeTarget "GachaTechh" */ = {
			isa = XCConfigurationList;
			buildConfigurations = (
				1E3351DE1E8BFB7600418C13 /* Debug */,
				1E3351DF1E8BFB7600418C13 /* Release */,
			);
			defaultConfigurationIsVisible = 0;
			defaultConfigurationName = Release;
		};
/* End XCConfigurationList section */
	};
	rootObject = 1E3351C31E8BFB7600418C13 /* Project object */;
}
